
Microsoft Visual Studio Solution File, Format Version 12.00
# Visual Studio Version 17
VisualStudioVersion = 17.1.32421.90
MinimumVisualStudioVersion = 10.0.40219.1
Project("{9A19103F-16F7-4668-BE54-9A1E7A4F7556}") = "rgit", "rgit.csproj", "{7AAC3EF1-76D6-4AA2-9A50-D15DFA72919F}"
EndProject
Global
	GlobalSection(SolutionConfigurationPlatforms) = preSolution
		Debug|Any CPU = Debug|Any CPU
		Release|Any CPU = Release|Any CPU
		Lint|Any CPU = Lint|Any CPU
	EndGlobalSection
	GlobalSection(ProjectConfigurationPlatforms) = postSolution
		{7AAC3EF1-76D6-4AA2-9A50-D15DFA72919F}.Debug|Any CPU.ActiveCfg = Debug|Any CPU
		{7AAC3EF1-76D6-4AA2-9A50-D15DFA72919F}.Debug|Any CPU.Build.0 = Debug|Any CPU
		{7AAC3EF1-76D6-4AA2-9A50-D15DFA72919F}.Release|Any CPU.ActiveCfg = Release|Any CPU
		{7AAC3EF1-76D6-4AA2-9A50-D15DFA72919F}.Release|Any CPU.Build.0 = Release|Any CPU
		{7AAC3EF1-76D6-4AA2-9A50-D15DFA72919F}.Lint|Any CPU.ActiveCfg = Lint|Any CPU
		{7AAC3EF1-76D6-4AA2-9A50-D15DFA72919F}.Lint|Any CPU.Build.0 = Lint|Any CPU
	EndGlobalSection
	GlobalSection(SolutionProperties) = preSolution
		HideSolutionNode = FALSE
	EndGlobalSection
	GlobalSection(ExtensibilityGlobals) = postSolution
		SolutionGuid = {1787B531-C6C1-415C-B746-4A5D1A3A2CF6}
	EndGlobalSection
EndGlobal
